
Microsoft Visual Studio Solution File, Format Version 12.00
# Visual Studio Version 16
VisualStudioVersion = 16.0.31702.278
MinimumVisualStudioVersion = 10.0.40219.1
Project("{FAE04EC0-301F-11D3-BF4B-00C04F79EFBC}") = "sk-vs2019-Demo", "sk-vs2019-Demo\sk-vs2019-Demo.csproj", "{D64C0935-BCE5-4E77-AECE-A06A2AD6DB26}"
EndProject
Global
	GlobalSection(SolutionConfigurationPlatforms) = preSolution
		Debug|Any CPU = Debug|Any CPU
		Release|Any CPU = Release|Any CPU
	EndGlobalSection
	GlobalSection(ProjectConfigurationPlatforms) = postSolution
		{D64C0935-BCE5-4E77-AECE-A06A2AD6DB26}.Debug|Any CPU.ActiveCfg = Debug|Any CPU
		{D64C0935-BCE5-4E77-AECE-A06A2AD6DB26}.Debug|Any CPU.Build.0 = Debug|Any CPU
		{D64C0935-BCE5-4E77-AECE-A06A2AD6DB26}.Release|Any CPU.ActiveCfg = Release|Any CPU
		{D64C0935-BCE5-4E77-AECE-A06A2AD6DB26}.Release|Any CPU.Build.0 = Release|Any CPU
	EndGlobalSection
	GlobalSection(SolutionProperties) = preSolution
		HideSolutionNode = FALSE
	EndGlobalSection
	GlobalSection(ExtensibilityGlobals) = postSolution
		SolutionGuid = {35863845-0FC4-4B5E-A1DA-87A0ADD147EC}
	EndGlobalSection
EndGlobal
